// !$*UTF8*$!
{
	archiveVersion = 1;
	classes = {
	};
	objectVersion = 50;
	objects = {

/* Begin PBXBuildFile section */
		2C40090021CC10AA00159094 /* success.json in Resources */ = {isa = PBXBuildFile; fileRef = 2C4008FF21CC10AA00159094 /* success.json */; };
		2C5F1ECF21B9A36600F2C147 /* StartViewModel.swift in Sources */ = {isa = PBXBuildFile; fileRef = 2C5F1ECE21B9A36600F2C147 /* StartViewModel.swift */; };
		2C5F1ED121B9A4A700F2C147 /* PrefoCell.swift in Sources */ = {isa = PBXBuildFile; fileRef = 2C5F1ED021B9A4A700F2C147 /* PrefoCell.swift */; };
		2C5F1ED321BA674500F2C147 /* ImageZoomController.swift in Sources */ = {isa = PBXBuildFile; fileRef = 2C5F1ED221BA674500F2C147 /* ImageZoomController.swift */; };
		2C5F1ED521BC2B1600F2C147 /* AppConfiguration.swift in Sources */ = {isa = PBXBuildFile; fileRef = 2C5F1ED421BC2B1600F2C147 /* AppConfiguration.swift */; };
		2C5F1ED721BC2BCA00F2C147 /* OnboardingController.swift in Sources */ = {isa = PBXBuildFile; fileRef = 2C5F1ED621BC2BCA00F2C147 /* OnboardingController.swift */; };
		2C5F1ED921BC5DD300F2C147 /* PrefoModel.swift in Sources */ = {isa = PBXBuildFile; fileRef = 2C5F1ED821BC5DD300F2C147 /* PrefoModel.swift */; };
		2C96ECCA21DA37E000413C51 /* Localizable.strings in Resources */ = {isa = PBXBuildFile; fileRef = 2C96ECCC21DA37E000413C51 /* Localizable.strings */; };
		2C96ECCD21DA37E400413C51 /* Localizable.strings in Resources */ = {isa = PBXBuildFile; fileRef = 2C96ECCF21DA37E400413C51 /* Localizable.strings */; };
		2CB9BF1121B84C3A00700013 /* AppDelegate.swift in Sources */ = {isa = PBXBuildFile; fileRef = 2CB9BF1021B84C3A00700013 /* AppDelegate.swift */; };
		2CB9BF1321B84C3A00700013 /* StartController.swift in Sources */ = {isa = PBXBuildFile; fileRef = 2CB9BF1221B84C3A00700013 /* StartController.swift */; };
		2CB9BF1821B84C3B00700013 /* Assets.xcassets in Resources */ = {isa = PBXBuildFile; fileRef = 2CB9BF1721B84C3B00700013 /* Assets.xcassets */; };
		2CB9BF1B21B84C3B00700013 /* LaunchScreen.storyboard in Resources */ = {isa = PBXBuildFile; fileRef = 2CB9BF1921B84C3B00700013 /* LaunchScreen.storyboard */; };
		2CD63065220F0137004F1CB0 /* UINavigationExtension.swift in Sources */ = {isa = PBXBuildFile; fileRef = 2CD63064220F0137004F1CB0 /* UINavigationExtension.swift */; };
		2CDD95CD21BD122400614B53 /* SectionHeaderView.swift in Sources */ = {isa = PBXBuildFile; fileRef = 2CDD95CC21BD122400614B53 /* SectionHeaderView.swift */; };
		2CE32217221DAC0C008FF2AE /* Lottie.framework in Embed Frameworks */ = {isa = PBXBuildFile; fileRef = 2CE32216221DAC0B008FF2AE /* Lottie.framework */; settings = {ATTRIBUTES = (CodeSignOnCopy, RemoveHeadersOnCopy, ); }; };
/* End PBXBuildFile section */

/* Begin PBXCopyFilesBuildPhase section */
		2C40090521CC117C00159094 /* Embed Frameworks */ = {
			isa = PBXCopyFilesBuildPhase;
			buildActionMask = 2147483647;
			dstPath = "";
			dstSubfolderSpec = 10;
			files = (
				2CE32217221DAC0C008FF2AE /* Lottie.framework in Embed Frameworks */,
			);
			name = "Embed Frameworks";
			runOnlyForDeploymentPostprocessing = 0;
		};
/* End PBXCopyFilesBuildPhase section */

/* Begin PBXFileReference section */
		2C4008FF21CC10AA00159094 /* success.json */ = {isa = PBXFileReference; fileEncoding = 4; lastKnownFileType = text.json; path = success.json; sourceTree = "<group>"; };
		2C5F1ECE21B9A36600F2C147 /* StartViewModel.swift */ = {isa = PBXFileReference; lastKnownFileType = sourcecode.swift; path = StartViewModel.swift; sourceTree = "<group>"; };
		2C5F1ED021B9A4A700F2C147 /* PrefoCell.swift */ = {isa = PBXFileReference; lastKnownFileType = sourcecode.swift; path = PrefoCell.swift; sourceTree = "<group>"; };
		2C5F1ED221BA674500F2C147 /* ImageZoomController.swift */ = {isa = PBXFileReference; lastKnownFileType = sourcecode.swift; path = ImageZoomController.swift; sourceTree = "<group>"; };
		2C5F1ED421BC2B1600F2C147 /* AppConfiguration.swift */ = {isa = PBXFileReference; lastKnownFileType = sourcecode.swift; path = AppConfiguration.swift; sourceTree = "<group>"; };
		2C5F1ED621BC2BCA00F2C147 /* OnboardingController.swift */ = {isa = PBXFileReference; lastKnownFileType = sourcecode.swift; path = OnboardingController.swift; sourceTree = "<group>"; };
		2C5F1ED821BC5DD300F2C147 /* PrefoModel.swift */ = {isa = PBXFileReference; lastKnownFileType = sourcecode.swift; path = PrefoModel.swift; sourceTree = "<group>"; };
		2C96ECCB21DA37E000413C51 /* en */ = {isa = PBXFileReference; lastKnownFileType = text.plist.strings; name = en; path = en.lproj/Localizable.strings; sourceTree = "<group>"; };
		2C96ECD121DA381000413C51 /* de */ = {isa = PBXFileReference; lastKnownFileType = text.plist.strings; name = de; path = de.lproj/LaunchScreen.strings; sourceTree = "<group>"; };
		2C96ECD221DA381B00413C51 /* de */ = {isa = PBXFileReference; lastKnownFileType = text.plist.strings; name = de; path = de.lproj/Localizable.strings; sourceTree = "<group>"; };
		2CB9BF0D21B84C3900700013 /* pregnancyPhoto.app */ = {isa = PBXFileReference; explicitFileType = wrapper.application; includeInIndex = 0; path = pregnancyPhoto.app; sourceTree = BUILT_PRODUCTS_DIR; };
		2CB9BF1021B84C3A00700013 /* AppDelegate.swift */ = {isa = PBXFileReference; lastKnownFileType = sourcecode.swift; path = AppDelegate.swift; sourceTree = "<group>"; };
		2CB9BF1221B84C3A00700013 /* StartController.swift */ = {isa = PBXFileReference; lastKnownFileType = sourcecode.swift; path = StartController.swift; sourceTree = "<group>"; };
		2CB9BF1721B84C3B00700013 /* Assets.xcassets */ = {isa = PBXFileReference; lastKnownFileType = folder.assetcatalog; path = Assets.xcassets; sourceTree = "<group>"; };
		2CB9BF1A21B84C3B00700013 /* Base */ = {isa = PBXFileReference; lastKnownFileType = file.storyboard; name = Base; path = Base.lproj/LaunchScreen.storyboard; sourceTree = "<group>"; };
		2CB9BF1C21B84C3B00700013 /* Info.plist */ = {isa = PBXFileReference; lastKnownFileType = text.plist.xml; path = Info.plist; sourceTree = "<group>"; };
		2CD63064220F0137004F1CB0 /* UINavigationExtension.swift */ = {isa = PBXFileReference; lastKnownFileType = sourcecode.swift; path = UINavigationExtension.swift; sourceTree = "<group>"; };
		2CDD95CC21BD122400614B53 /* SectionHeaderView.swift */ = {isa = PBXFileReference; lastKnownFileType = sourcecode.swift; path = SectionHeaderView.swift; sourceTree = "<group>"; };
		2CE32216221DAC0B008FF2AE /* Lottie.framework */ = {isa = PBXFileReference; lastKnownFileType = wrapper.framework; name = Lottie.framework; path = Carthage/Build/iOS/Lottie.framework; sourceTree = "<group>"; };
/* End PBXFileReference section */

/* Begin PBXFrameworksBuildPhase section */
		2CB9BF0A21B84C3900700013 /* Frameworks */ = {
			isa = PBXFrameworksBuildPhase;
			buildActionMask = 2147483647;
			files = (
			);
			runOnlyForDeploymentPostprocessing = 0;
		};
/* End PBXFrameworksBuildPhase section */

/* Begin PBXGroup section */
		2C40090121CC10B400159094 /* Animations */ = {
			isa = PBXGroup;
			children = (
				2C4008FF21CC10AA00159094 /* success.json */,
			);
			path = Animations;
			sourceTree = "<group>";
		};
		2CB9BF0421B84C3900700013 = {
			isa = PBXGroup;
			children = (
				2CE32216221DAC0B008FF2AE /* Lottie.framework */,
				2CB9BF0F21B84C3900700013 /* pregnancyPhoto */,
				2CB9BF0E21B84C3900700013 /* Products */,
				2CE32218221DAC31008FF2AE /* Frameworks */,
			);
			sourceTree = "<group>";
		};
		2CB9BF0E21B84C3900700013 /* Products */ = {
			isa = PBXGroup;
			children = (
				2CB9BF0D21B84C3900700013 /* pregnancyPhoto.app */,
			);
			name = Products;
			sourceTree = "<group>";
		};
		2CB9BF0F21B84C3900700013 /* pregnancyPhoto */ = {
			isa = PBXGroup;
			children = (
				2CB9BF1021B84C3A00700013 /* AppDelegate.swift */,
				2C5F1ED421BC2B1600F2C147 /* AppConfiguration.swift */,
				2C5F1ED621BC2BCA00F2C147 /* OnboardingController.swift */,
				2CB9BF1221B84C3A00700013 /* StartController.swift */,
				2C5F1ED221BA674500F2C147 /* ImageZoomController.swift */,
				2C5F1ED021B9A4A700F2C147 /* PrefoCell.swift */,
				2CDD95CC21BD122400614B53 /* SectionHeaderView.swift */,
				2C5F1ECE21B9A36600F2C147 /* StartViewModel.swift */,
				2C5F1ED821BC5DD300F2C147 /* PrefoModel.swift */,
				2CD63064220F0137004F1CB0 /* UINavigationExtension.swift */,
				2CB9BF1721B84C3B00700013 /* Assets.xcassets */,
				2CB9BF1921B84C3B00700013 /* LaunchScreen.storyboard */,
				2CB9BF1C21B84C3B00700013 /* Info.plist */,
				2C96ECCC21DA37E000413C51 /* Localizable.strings */,
				2C96ECCF21DA37E400413C51 /* Localizable.strings */,
				2C40090121CC10B400159094 /* Animations */,
			);
			path = pregnancyPhoto;
			sourceTree = "<group>";
		};
		2CE32218221DAC31008FF2AE /* Frameworks */ = {
			isa = PBXGroup;
			children = (
			);
			name = Frameworks;
			sourceTree = "<group>";
		};
/* End PBXGroup section */

/* Begin PBXNativeTarget section */
		2CB9BF0C21B84C3900700013 /* pregnancyPhoto */ = {
			isa = PBXNativeTarget;
			buildConfigurationList = 2CB9BF1F21B84C3B00700013 /* Build configuration list for PBXNativeTarget "pregnancyPhoto" */;
			buildPhases = (
				2CB9BF0921B84C3900700013 /* Sources */,
				2CB9BF0A21B84C3900700013 /* Frameworks */,
				2CB9BF0B21B84C3900700013 /* Resources */,
				2C40090521CC117C00159094 /* Embed Frameworks */,
				2C4008FE21C9815A00159094 /* ShellScript */,
			);
			buildRules = (
			);
			dependencies = (
			);
			name = pregnancyPhoto;
			productName = pregnancyPhoto;
			productReference = 2CB9BF0D21B84C3900700013 /* pregnancyPhoto.app */;
			productType = "com.apple.product-type.application";
		};
/* End PBXNativeTarget section */

/* Begin PBXProject section */
		2CB9BF0521B84C3900700013 /* Project object */ = {
			isa = PBXProject;
			attributes = {
				LastSwiftUpdateCheck = 1000;
				LastUpgradeCheck = 1000;
				ORGANIZATIONNAME = "Marcus Hopp";
				TargetAttributes = {
					2CB9BF0C21B84C3900700013 = {
						CreatedOnToolsVersion = 10.0;
					};
				};
			};
			buildConfigurationList = 2CB9BF0821B84C3900700013 /* Build configuration list for PBXProject "pregnancyPhoto" */;
			compatibilityVersion = "Xcode 9.3";
			developmentRegion = en;
			hasScannedForEncodings = 0;
			knownRegions = (
				en,
				Base,
			);
			mainGroup = 2CB9BF0421B84C3900700013;
			productRefGroup = 2CB9BF0E21B84C3900700013 /* Products */;
			projectDirPath = "";
			projectRoot = "";
			targets = (
				2CB9BF0C21B84C3900700013 /* pregnancyPhoto */,
			);
		};
/* End PBXProject section */

/* Begin PBXResourcesBuildPhase section */
		2CB9BF0B21B84C3900700013 /* Resources */ = {
			isa = PBXResourcesBuildPhase;
			buildActionMask = 2147483647;
			files = (
				2C96ECCD21DA37E400413C51 /* Localizable.strings in Resources */,
				2CB9BF1B21B84C3B00700013 /* LaunchScreen.storyboard in Resources */,
				2C96ECCA21DA37E000413C51 /* Localizable.strings in Resources */,
				2CB9BF1821B84C3B00700013 /* Assets.xcassets in Resources */,
				2C40090021CC10AA00159094 /* success.json in Resources */,
			);
			runOnlyForDeploymentPostprocessing = 0;
		};
/* End PBXResourcesBuildPhase section */

/* Begin PBXShellScriptBuildPhase section */
		2C4008FE21C9815A00159094 /* ShellScript */ = {
			isa = PBXShellScriptBuildPhase;
			buildActionMask = 2147483647;
			files = (
			);
			inputFileListPaths = (
			);
			inputPaths = (
				"$(SRCROOT)/Carthage/Build/iOS/Lottie.framework",
			);
			outputFileListPaths = (
			);
			outputPaths = (
			);
			runOnlyForDeploymentPostprocessing = 0;
			shellPath = /bin/sh;
			shellScript = "# Type a script or drag a script file from your workspace to insert its path.\n/usr/local/bin/carthage copy-frameworks\n";
		};
/* End PBXShellScriptBuildPhase section */

/* Begin PBXSourcesBuildPhase section */
		2CB9BF0921B84C3900700013 /* Sources */ = {
			isa = PBXSourcesBuildPhase;
			buildActionMask = 2147483647;
			files = (
				2C5F1ED921BC5DD300F2C147 /* PrefoModel.swift in Sources */,
				2C5F1ED521BC2B1600F2C147 /* AppConfiguration.swift in Sources */,
				2CB9BF1321B84C3A00700013 /* StartController.swift in Sources */,
				2C5F1ECF21B9A36600F2C147 /* StartViewModel.swift in Sources */,
				2CDD95CD21BD122400614B53 /* SectionHeaderView.swift in Sources */,
				2C5F1ED721BC2BCA00F2C147 /* OnboardingController.swift in Sources */,
				2C5F1ED121B9A4A700F2C147 /* PrefoCell.swift in Sources */,
				2CD63065220F0137004F1CB0 /* UINavigationExtension.swift in Sources */,
				2CB9BF1121B84C3A00700013 /* AppDelegate.swift in Sources */,
				2C5F1ED321BA674500F2C147 /* ImageZoomController.swift in Sources */,
			);
			runOnlyForDeploymentPostprocessing = 0;
		};
/* End PBXSourcesBuildPhase section */

/* Begin PBXVariantGroup section */
		2C96ECCC21DA37E000413C51 /* Localizable.strings */ = {
			isa = PBXVariantGroup;
			children = (
				2C96ECCB21DA37E000413C51 /* en */,
			);
			name = Localizable.strings;
			sourceTree = "<group>";
		};
		2C96ECCF21DA37E400413C51 /* Localizable.strings */ = {
			isa = PBXVariantGroup;
			children = (
				2C96ECD221DA381B00413C51 /* de */,
			);
			name = Localizable.strings;
			path = ..;
			sourceTree = "<group>";
		};
		2CB9BF1921B84C3B00700013 /* LaunchScreen.storyboard */ = {
			isa = PBXVariantGroup;
			children = (
				2CB9BF1A21B84C3B00700013 /* Base */,
				2C96ECD121DA381000413C51 /* de */,
			);
			name = LaunchScreen.storyboard;
			sourceTree = "<group>";
		};
/* End PBXVariantGroup section */

/* Begin XCBuildConfiguration section */
		2CB9BF1D21B84C3B00700013 /* Debug */ = {
			isa = XCBuildConfiguration;
			buildSettings = {
				ALWAYS_SEARCH_USER_PATHS = NO;
				CLANG_ANALYZER_LOCALIZABILITY_NONLOCALIZED = YES;
				CLANG_ANALYZER_NONNULL = YES;
				CLANG_ANALYZER_NUMBER_OBJECT_CONVERSION = YES_AGGRESSIVE;
				CLANG_CXX_LANGUAGE_STANDARD = "gnu++14";
				CLANG_CXX_LIBRARY = "libc++";
				CLANG_ENABLE_MODULES = YES;
				CLANG_ENABLE_OBJC_ARC = YES;
				CLANG_ENABLE_OBJC_WEAK = YES;
				CLANG_WARN_BLOCK_CAPTURE_AUTORELEASING = YES;
				CLANG_WARN_BOOL_CONVERSION = YES;
				CLANG_WARN_COMMA = YES;
				CLANG_WARN_CONSTANT_CONVERSION = YES;
				CLANG_WARN_DEPRECATED_OBJC_IMPLEMENTATIONS = YES;
				CLANG_WARN_DIRECT_OBJC_ISA_USAGE = YES_ERROR;
				CLANG_WARN_DOCUMENTATION_COMMENTS = YES;
				CLANG_WARN_EMPTY_BODY = YES;
				CLANG_WARN_ENUM_CONVERSION = YES;
				CLANG_WARN_INFINITE_RECURSION = YES;
				CLANG_WARN_INT_CONVERSION = YES;
				CLANG_WARN_NON_LITERAL_NULL_CONVERSION = YES;
				CLANG_WARN_OBJC_IMPLICIT_RETAIN_SELF = YES;
				CLANG_WARN_OBJC_LITERAL_CONVERSION = YES;
				CLANG_WARN_OBJC_ROOT_CLASS = YES_ERROR;
				CLANG_WARN_RANGE_LOOP_ANALYSIS = YES;
				CLANG_WARN_STRICT_PROTOTYPES = YES;
				CLANG_WARN_SUSPICIOUS_MOVE = YES;
				CLANG_WARN_UNGUARDED_AVAILABILITY = YES_AGGRESSIVE;
				CLANG_WARN_UNREACHABLE_CODE = YES;
				CLANG_WARN__DUPLICATE_METHOD_MATCH = YES;
				CODE_SIGN_IDENTITY = "iPhone Developer";
				COPY_PHASE_STRIP = NO;
				DEBUG_INFORMATION_FORMAT = dwarf;
				ENABLE_STRICT_OBJC_MSGSEND = YES;
				ENABLE_TESTABILITY = YES;
				GCC_C_LANGUAGE_STANDARD = gnu11;
				GCC_DYNAMIC_NO_PIC = NO;
				GCC_NO_COMMON_BLOCKS = YES;
				GCC_OPTIMIZATION_LEVEL = 0;
				GCC_PREPROCESSOR_DEFINITIONS = (
					"DEBUG=1",
					"$(inherited)",
				);
				GCC_WARN_64_TO_32_BIT_CONVERSION = YES;
				GCC_WARN_ABOUT_RETURN_TYPE = YES_ERROR;
				GCC_WARN_UNDECLARED_SELECTOR = YES;
				GCC_WARN_UNINITIALIZED_AUTOS = YES_AGGRESSIVE;
				GCC_WARN_UNUSED_FUNCTION = YES;
				GCC_WARN_UNUSED_VARIABLE = YES;
				IPHONEOS_DEPLOYMENT_TARGET = 12.0;
				MTL_ENABLE_DEBUG_INFO = INCLUDE_SOURCE;
				MTL_FAST_MATH = YES;
				ONLY_ACTIVE_ARCH = YES;
				SDKROOT = iphoneos;
				SWIFT_ACTIVE_COMPILATION_CONDITIONS = DEBUG;
				SWIFT_OPTIMIZATION_LEVEL = "-Onone";
			};
			name = Debug;
		};
		2CB9BF1E21B84C3B00700013 /* Release */ = {
			isa = XCBuildConfiguration;
			buildSettings = {
				ALWAYS_SEARCH_USER_PATHS = NO;
				CLANG_ANALYZER_LOCALIZABILITY_NONLOCALIZED = YES;
				CLANG_ANALYZER_NONNULL = YES;
				CLANG_ANALYZER_NUMBER_OBJECT_CONVERSION = YES_AGGRESSIVE;
				CLANG_CXX_LANGUAGE_STANDARD = "gnu++14";
				CLANG_CXX_LIBRARY = "libc++";
				CLANG_ENABLE_MODULES = YES;
				CLANG_ENABLE_OBJC_ARC = YES;
				CLANG_ENABLE_OBJC_WEAK = YES;
				CLANG_WARN_BLOCK_CAPTURE_AUTORELEASING = YES;
				CLANG_WARN_BOOL_CONVERSION = YES;
				CLANG_WARN_COMMA = YES;
				CLANG_WARN_CONSTANT_CONVERSION = YES;
				CLANG_WARN_DEPRECATED_OBJC_IMPLEMENTATIONS = YES;
				CLANG_WARN_DIRECT_OBJC_ISA_USAGE = YES_ERROR;
				CLANG_WARN_DOCUMENTATION_COMMENTS = YES;
				CLANG_WARN_EMPTY_BODY = YES;
				CLANG_WARN_ENUM_CONVERSION = YES;
				CLANG_WARN_INFINITE_RECURSION = YES;
				CLANG_WARN_INT_CONVERSION = YES;
				CLANG_WARN_NON_LITERAL_NULL_CONVERSION = YES;
				CLANG_WARN_OBJC_IMPLICIT_RETAIN_SELF = YES;
				CLANG_WARN_OBJC_LITERAL_CONVERSION = YES;
				CLANG_WARN_OBJC_ROOT_CLASS = YES_ERROR;
				CLANG_WARN_RANGE_LOOP_ANALYSIS = YES;
				CLANG_WARN_STRICT_PROTOTYPES = YES;
				CLANG_WARN_SUSPICIOUS_MOVE = YES;
				CLANG_WARN_UNGUARDED_AVAILABILITY = YES_AGGRESSIVE;
				CLANG_WARN_UNREACHABLE_CODE = YES;
				CLANG_WARN__DUPLICATE_METHOD_MATCH = YES;
				CODE_SIGN_IDENTITY = "iPhone Developer";
				COPY_PHASE_STRIP = NO;
				DEBUG_INFORMATION_FORMAT = "dwarf-with-dsym";
				ENABLE_NS_ASSERTIONS = NO;
				ENABLE_STRICT_OBJC_MSGSEND = YES;
				GCC_C_LANGUAGE_STANDARD = gnu11;
				GCC_NO_COMMON_BLOCKS = YES;
				GCC_WARN_64_TO_32_BIT_CONVERSION = YES;
				GCC_WARN_ABOUT_RETURN_TYPE = YES_ERROR;
				GCC_WARN_UNDECLARED_SELECTOR = YES;
				GCC_WARN_UNINITIALIZED_AUTOS = YES_AGGRESSIVE;
				GCC_WARN_UNUSED_FUNCTION = YES;
				GCC_WARN_UNUSED_VARIABLE = YES;
				IPHONEOS_DEPLOYMENT_TARGET = 12.0;
				MTL_ENABLE_DEBUG_INFO = NO;
				MTL_FAST_MATH = YES;
				SDKROOT = iphoneos;
				SWIFT_COMPILATION_MODE = wholemodule;
				SWIFT_OPTIMIZATION_LEVEL = "-O";
				VALIDATE_PRODUCT = YES;
			};
			name = Release;
		};
		2CB9BF2021B84C3B00700013 /* Debug */ = {
			isa = XCBuildConfiguration;
			buildSettings = {
				ASSETCATALOG_COMPILER_APPICON_NAME = AppIcon;
				CODE_SIGN_IDENTITY = "iPhone Developer";
				CODE_SIGN_STYLE = Manual;
				DEVELOPMENT_TEAM = P44T5L7ZND;
				FRAMEWORK_SEARCH_PATHS = (
					"$(inherited)",
					"$(PROJECT_DIR)/Carthage/Build/iOS",
				);
				INFOPLIST_FILE = pregnancyPhoto/Info.plist;
				LD_RUNPATH_SEARCH_PATHS = (
					"$(inherited)",
					"@executable_path/Frameworks",
				);
				PRODUCT_BUNDLE_IDENTIFIER = com.mh.prefo;
				PRODUCT_NAME = "$(TARGET_NAME)";
				PROVISIONING_PROFILE_SPECIFIER = "prefo-dev";
				SWIFT_VERSION = 4.2;
				TARGETED_DEVICE_FAMILY = 1;
			};
			name = Debug;
		};
		2CB9BF2121B84C3B00700013 /* Release */ = {
			isa = XCBuildConfiguration;
			buildSettings = {
				ASSETCATALOG_COMPILER_APPICON_NAME = AppIcon;
				CODE_SIGN_IDENTITY = "iPhone Distribution";
				CODE_SIGN_STYLE = Manual;
				DEVELOPMENT_TEAM = P44T5L7ZND;
				FRAMEWORK_SEARCH_PATHS = (
					"$(inherited)",
					"$(PROJECT_DIR)/Carthage/Build/iOS",
				);
				INFOPLIST_FILE = pregnancyPhoto/Info.plist;
				LD_RUNPATH_SEARCH_PATHS = (
					"$(inherited)",
					"@executable_path/Frameworks",
				);
				PRODUCT_BUNDLE_IDENTIFIER = com.mh.prefo;
				PRODUCT_NAME = "$(TARGET_NAME)";
				PROVISIONING_PROFILE_SPECIFIER = prefo;
				SWIFT_VERSION = 4.2;
				TARGETED_DEVICE_FAMILY = 1;
			};
			name = Release;
		};
/* End XCBuildConfiguration section */

/* Begin XCConfigurationList section */
		2CB9BF0821B84C3900700013 /* Build configuration list for PBXProject "pregnancyPhoto" */ = {
			isa = XCConfigurationList;
			buildConfigurations = (
				2CB9BF1D21B84C3B00700013 /* Debug */,
				2CB9BF1E21B84C3B00700013 /* Release */,
			);
			defaultConfigurationIsVisible = 0;
			defaultConfigurationName = Release;
		};
		2CB9BF1F21B84C3B00700013 /* Build configuration list for PBXNativeTarget "pregnancyPhoto" */ = {
			isa = XCConfigurationList;
			buildConfigurations = (
				2CB9BF2021B84C3B00700013 /* Debug */,
				2CB9BF2121B84C3B00700013 /* Release */,
			);
			defaultConfigurationIsVisible = 0;
			defaultConfigurationName = Release;
		};
/* End XCConfigurationList section */
	};
	rootObject = 2CB9BF0521B84C3900700013 /* Project object */;
}
